
Microsoft Visual Studio Solution File, Format Version 12.00
Project("{FAE04EC0-301F-11D3-BF4B-00C04F79EFBC}") = "PsGpt", "PsGpt\PsGpt.csproj", "{8A3D81B1-C032-4C15-9CF5-384F334DF560}"
EndProject
Global
	GlobalSection(SolutionConfigurationPlatforms) = preSolution
		Debug|Any CPU = Debug|Any CPU
		Release|Any CPU = Release|Any CPU
	EndGlobalSection
	GlobalSection(ProjectConfigurationPlatforms) = postSolution
		{8A3D81B1-C032-4C15-9CF5-384F334DF560}.Debug|Any CPU.ActiveCfg = Debug|Any CPU
		{8A3D81B1-C032-4C15-9CF5-384F334DF560}.Debug|Any CPU.Build.0 = Debug|Any CPU
		{8A3D81B1-C032-4C15-9CF5-384F334DF560}.Release|Any CPU.ActiveCfg = Release|Any CPU
		{8A3D81B1-C032-4C15-9CF5-384F334DF560}.Release|Any CPU.Build.0 = Release|Any CPU
	EndGlobalSection
EndGlobal
